# THIS IS AN AUTOGENERATED FILE. DO NOT EDIT THIS FILE DIRECTLY.
# yarn lockfile v1


body-scroll-lock@^2.6.1:
  version "2.7.1"
  resolved "https://registry.npm.taobao.org/body-scroll-lock/download/body-scroll-lock-2.7.1.tgz#caf3f9c91773af1ffb684cd66ed9137b5b737014"
  integrity sha1-yvP5yRdzrx/7aEzWbtkTe1tzcBQ=

dayjs@^1.8.2:
  version "1.8.27"
  resolved "https://registry.npm.taobao.org/dayjs/download/dayjs-1.8.27.tgz#a8ae63ee990af28c05c430f0e160ae835a0fbbf8"
  integrity sha1-qK5j7pkK8owFxDDw4WCug1oPu/g=

jquery@^3.5.1:
  version "3.5.1"
  resolved "https://registry.npm.taobao.org/jquery/download/jquery-3.5.1.tgz#d7b4d08e1bfdb86ad2f1a3d039ea17304717abb5"
  integrity sha1-17TQjhv9uGrS8aPQOeoXMEcXq7U=

keycode@^2.1.9:
  version "2.2.0"
  resolved "https://registry.npm.taobao.org/keycode/download/keycode-2.2.0.tgz#3d0af56dc7b8b8e5cba8d0a97f107204eec22b04"
  integrity sha1-PQr1bce4uOXLqNCpfxByBO7CKwQ=

muse-ui@^3.0.2:
  version "3.0.2"
  resolved "https://registry.npm.taobao.org/muse-ui/download/muse-ui-3.0.2.tgz#f292e8a063d625d35b1dce1b1504bc0cccd78e65"
  integrity sha1-8pLooGPWJdNbHc4bFQS8DMzXjmU=
  dependencies:
    body-scroll-lock "^2.6.1"
    dayjs "^1.8.2"
    keycode "^2.1.9"
    normalize-wheel "^1.0.1"
    resize-observer-polyfill "^1.5.0"

normalize-wheel@^1.0.1:
  version "1.0.1"
  resolved "https://registry.npm.taobao.org/normalize-wheel/download/normalize-wheel-1.0.1.tgz#aec886affdb045070d856447df62ecf86146ec45"
  integrity sha1-rsiGr/2wRQcNhWRH32Ls+GFG7EU=

resize-observer-polyfill@^1.5.0:
  version "1.5.1"
  resolved "https://registry.npm.taobao.org/resize-observer-polyfill/download/resize-observer-polyfill-1.5.1.tgz?cache=0&sync_timestamp=1587902216953&other_urls=https%3A%2F%2Fregistry.npm.taobao.org%2Fresize-observer-polyfill%2Fdownload%2Fresize-observer-polyfill-1.5.1.tgz#0e9020dd3d21024458d4ebd27e23e40269810464"
  integrity sha1-DpAg3T0hAkRY1OvSfiPkAmmBBGQ=

vue@^2.6.11:
  version "2.6.11"
  resolved "https://registry.npm.taobao.org/vue/download/vue-2.6.11.tgz#76594d877d4b12234406e84e35275c6d514125c5"
  integrity sha1-dllNh31LEiNEBuhONSdcbVFBJcU=
